// !$*UTF8*$!
{
	archiveVersion = 1;
	classes = {
	};
	objectVersion = 46;
	objects = {

/* Begin PBXBuildFile section */
		72CE2A891C1C7606001F789B /* main.swift in Sources */ = {isa = PBXBuildFile; fileRef = 72CE2A881C1C7606001F789B /* main.swift */; };
		72CE2A921C1C76A1001F789B /* Math.c in Sources */ = {isa = PBXBuildFile; fileRef = 72CE2A901C1C76A1001F789B /* Math.c */; };
/* End PBXBuildFile section */

/* Begin PBXCopyFilesBuildPhase section */
		72CE2A831C1C7606001F789B /* CopyFiles */ = {
			isa = PBXCopyFilesBuildPhase;
			buildActionMask = 2147483647;
			dstPath = /usr/share/man/man1/;
			dstSubfolderSpec = 0;
			files = (
			);
			runOnlyForDeploymentPostprocessing = 1;
		};
/* End PBXCopyFilesBuildPhase section */

/* Begin PBXFileReference section */
		72CE2A851C1C7606001F789B /* UsingCinSwift */ = {isa = PBXFileReference; explicitFileType = "compiled.mach-o.executable"; includeInIndex = 0; path = UsingCinSwift; sourceTree = BUILT_PRODUCTS_DIR; };
		72CE2A881C1C7606001F789B /* main.swift */ = {isa = PBXFileReference; lastKnownFileType = sourcecode.swift; path = main.swift; sourceTree = "<group>"; };
		72CE2A8F1C1C76A1001F789B /* UsingCinSwift-Bridging-Header.h */ = {isa = PBXFileReference; lastKnownFileType = sourcecode.c.h; path = "UsingCinSwift-Bridging-Header.h"; sourceTree = "<group>"; };
		72CE2A901C1C76A1001F789B /* Math.c */ = {isa = PBXFileReference; fileEncoding = 4; lastKnownFileType = sourcecode.c.c; path = Math.c; sourceTree = "<group>"; };
		72CE2A911C1C76A1001F789B /* Math.h */ = {isa = PBXFileReference; fileEncoding = 4; lastKnownFileType = sourcecode.c.h; path = Math.h; sourceTree = "<group>"; };
/* End PBXFileReference section */

/* Begin PBXFrameworksBuildPhase section */
		72CE2A821C1C7606001F789B /* Frameworks */ = {
			isa = PBXFrameworksBuildPhase;
			buildActionMask = 2147483647;
			files = (
			);
			runOnlyForDeploymentPostprocessing = 0;
		};
/* End PBXFrameworksBuildPhase section */

/* Begin PBXGroup section */
		72CE2A7C1C1C7606001F789B = {
			isa = PBXGroup;
			children = (
				72CE2A871C1C7606001F789B /* UsingCinSwift */,
				72CE2A861C1C7606001F789B /* Products */,
			);
			sourceTree = "<group>";
		};
		72CE2A861C1C7606001F789B /* Products */ = {
			isa = PBXGroup;
			children = (
				72CE2A851C1C7606001F789B /* UsingCinSwift */,
			);
			name = Products;
			sourceTree = "<group>";
		};
		72CE2A871C1C7606001F789B /* UsingCinSwift */ = {
			isa = PBXGroup;
			children = (
				72CE2A881C1C7606001F789B /* main.swift */,
				72CE2A901C1C76A1001F789B /* Math.c */,
				72CE2A911C1C76A1001F789B /* Math.h */,
				72CE2A8F1C1C76A1001F789B /* UsingCinSwift-Bridging-Header.h */,
			);
			path = UsingCinSwift;
			sourceTree = "<group>";
		};
/* End PBXGroup section */

/* Begin PBXNativeTarget section */
		72CE2A841C1C7606001F789B /* UsingCinSwift */ = {
			isa = PBXNativeTarget;
			buildConfigurationList = 72CE2A8C1C1C7606001F789B /* Build configuration list for PBXNativeTarget "UsingCinSwift" */;
			buildPhases = (
				72CE2A811C1C7606001F789B /* Sources */,
				72CE2A821C1C7606001F789B /* Frameworks */,
				72CE2A831C1C7606001F789B /* CopyFiles */,
			);
			buildRules = (
			);
			dependencies = (
			);
			name = UsingCinSwift;
			productName = UsingCinSwift;
			productReference = 72CE2A851C1C7606001F789B /* UsingCinSwift */;
			productType = "com.apple.product-type.tool";
		};
/* End PBXNativeTarget section */

/* Begin PBXProject section */
		72CE2A7D1C1C7606001F789B /* Project object */ = {
			isa = PBXProject;
			attributes = {
				LastSwiftUpdateCheck = 0720;
				LastUpgradeCheck = 0720;
				ORGANIZATIONNAME = "Dan Beaulieu";
				TargetAttributes = {
					72CE2A841C1C7606001F789B = {
						CreatedOnToolsVersion = 7.2;
					};
				};
			};
			buildConfigurationList = 72CE2A801C1C7606001F789B /* Build configuration list for PBXProject "UsingCinSwift" */;
			compatibilityVersion = "Xcode 3.2";
			developmentRegion = English;
			hasScannedForEncodings = 0;
			knownRegions = (
				en,
			);
			mainGroup = 72CE2A7C1C1C7606001F789B;
			productRefGroup = 72CE2A861C1C7606001F789B /* Products */;
			projectDirPath = "";
			projectRoot = "";
			targets = (
				72CE2A841C1C7606001F789B /* UsingCinSwift */,
			);
		};
/* End PBXProject section */

/* Begin PBXSourcesBuildPhase section */
		72CE2A811C1C7606001F789B /* Sources */ = {
			isa = PBXSourcesBuildPhase;
			buildActionMask = 2147483647;
			files = (
				72CE2A891C1C7606001F789B /* main.swift in Sources */,
				72CE2A921C1C76A1001F789B /* Math.c in Sources */,
			);
			runOnlyForDeploymentPostprocessing = 0;
		};
/* End PBXSourcesBuildPhase section */

/* Begin XCBuildConfiguration section */
		72CE2A8A1C1C7606001F789B /* Debug */ = {
			isa = XCBuildConfiguration;
			buildSettings = {
				ALWAYS_SEARCH_USER_PATHS = NO;
				CLANG_CXX_LANGUAGE_STANDARD = "gnu++0x";
				CLANG_CXX_LIBRARY = "libc++";
				CLANG_ENABLE_MODULES = YES;
				CLANG_ENABLE_OBJC_ARC = YES;
				CLANG_WARN_BOOL_CONVERSION = YES;
				CLANG_WARN_CONSTANT_CONVERSION = YES;
				CLANG_WARN_DIRECT_OBJC_ISA_USAGE = YES_ERROR;
				CLANG_WARN_EMPTY_BODY = YES;
				CLANG_WARN_ENUM_CONVERSION = YES;
				CLANG_WARN_INT_CONVERSION = YES;
				CLANG_WARN_OBJC_ROOT_CLASS = YES_ERROR;
				CLANG_WARN_UNREACHABLE_CODE = YES;
				CLANG_WARN__DUPLICATE_METHOD_MATCH = YES;
				CODE_SIGN_IDENTITY = "-";
				COPY_PHASE_STRIP = NO;
				DEBUG_INFORMATION_FORMAT = dwarf;
				ENABLE_STRICT_OBJC_MSGSEND = YES;
				ENABLE_TESTABILITY = YES;
				GCC_C_LANGUAGE_STANDARD = gnu99;
				GCC_DYNAMIC_NO_PIC = NO;
				GCC_NO_COMMON_BLOCKS = YES;
				GCC_OPTIMIZATION_LEVEL = 0;
				GCC_PREPROCESSOR_DEFINITIONS = (
					"DEBUG=1",
					"$(inherited)",
				);
				GCC_WARN_64_TO_32_BIT_CONVERSION = YES;
				GCC_WARN_ABOUT_RETURN_TYPE = YES_ERROR;
				GCC_WARN_UNDECLARED_SELECTOR = YES;
				GCC_WARN_UNINITIALIZED_AUTOS = YES_AGGRESSIVE;
				GCC_WARN_UNUSED_FUNCTION = YES;
				GCC_WARN_UNUSED_VARIABLE = YES;
				MACOSX_DEPLOYMENT_TARGET = 10.11;
				MTL_ENABLE_DEBUG_INFO = YES;
				ONLY_ACTIVE_ARCH = YES;
				SDKROOT = macosx;
				SWIFT_OPTIMIZATION_LEVEL = "-Onone";
			};
			name = Debug;
		};
		72CE2A8B1C1C7606001F789B /* Release */ = {
			isa = XCBuildConfiguration;
			buildSettings = {
				ALWAYS_SEARCH_USER_PATHS = NO;
				CLANG_CXX_LANGUAGE_STANDARD = "gnu++0x";
				CLANG_CXX_LIBRARY = "libc++";
				CLANG_ENABLE_MODULES = YES;
				CLANG_ENABLE_OBJC_ARC = YES;
				CLANG_WARN_BOOL_CONVERSION = YES;
				CLANG_WARN_CONSTANT_CONVERSION = YES;
				CLANG_WARN_DIRECT_OBJC_ISA_USAGE = YES_ERROR;
				CLANG_WARN_EMPTY_BODY = YES;
				CLANG_WARN_ENUM_CONVERSION = YES;
				CLANG_WARN_INT_CONVERSION = YES;
				CLANG_WARN_OBJC_ROOT_CLASS = YES_ERROR;
				CLANG_WARN_UNREACHABLE_CODE = YES;
				CLANG_WARN__DUPLICATE_METHOD_MATCH = YES;
				CODE_SIGN_IDENTITY = "-";
				COPY_PHASE_STRIP = NO;
				DEBUG_INFORMATION_FORMAT = "dwarf-with-dsym";
				ENABLE_NS_ASSERTIONS = NO;
				ENABLE_STRICT_OBJC_MSGSEND = YES;
				GCC_C_LANGUAGE_STANDARD = gnu99;
				GCC_NO_COMMON_BLOCKS = YES;
				GCC_WARN_64_TO_32_BIT_CONVERSION = YES;
				GCC_WARN_ABOUT_RETURN_TYPE = YES_ERROR;
				GCC_WARN_UNDECLARED_SELECTOR = YES;
				GCC_WARN_UNINITIALIZED_AUTOS = YES_AGGRESSIVE;
				GCC_WARN_UNUSED_FUNCTION = YES;
				GCC_WARN_UNUSED_VARIABLE = YES;
				MACOSX_DEPLOYMENT_TARGET = 10.11;
				MTL_ENABLE_DEBUG_INFO = NO;
				SDKROOT = macosx;
			};
			name = Release;
		};
		72CE2A8D1C1C7606001F789B /* Debug */ = {
			isa = XCBuildConfiguration;
			buildSettings = {
				CLANG_ENABLE_MODULES = YES;
				LD_RUNPATH_SEARCH_PATHS = "$(inherited) @executable_path/../Frameworks @loader_path/../Frameworks";
				PRODUCT_NAME = "$(TARGET_NAME)";
				SWIFT_OBJC_BRIDGING_HEADER = "UsingCinSwift/UsingCinSwift-Bridging-Header.h";
				SWIFT_OPTIMIZATION_LEVEL = "-Onone";
			};
			name = Debug;
		};
		72CE2A8E1C1C7606001F789B /* Release */ = {
			isa = XCBuildConfiguration;
			buildSettings = {
				CLANG_ENABLE_MODULES = YES;
				LD_RUNPATH_SEARCH_PATHS = "$(inherited) @executable_path/../Frameworks @loader_path/../Frameworks";
				PRODUCT_NAME = "$(TARGET_NAME)";
				SWIFT_OBJC_BRIDGING_HEADER = "UsingCinSwift/UsingCinSwift-Bridging-Header.h";
			};
			name = Release;
		};
/* End XCBuildConfiguration section */

/* Begin XCConfigurationList section */
		72CE2A801C1C7606001F789B /* Build configuration list for PBXProject "UsingCinSwift" */ = {
			isa = XCConfigurationList;
			buildConfigurations = (
				72CE2A8A1C1C7606001F789B /* Debug */,
				72CE2A8B1C1C7606001F789B /* Release */,
			);
			defaultConfigurationIsVisible = 0;
			defaultConfigurationName = Release;
		};
		72CE2A8C1C1C7606001F789B /* Build configuration list for PBXNativeTarget "UsingCinSwift" */ = {
			isa = XCConfigurationList;
			buildConfigurations = (
				72CE2A8D1C1C7606001F789B /* Debug */,
				72CE2A8E1C1C7606001F789B /* Release */,
			);
			defaultConfigurationIsVisible = 0;
		};
/* End XCConfigurationList section */
	};
	rootObject = 72CE2A7D1C1C7606001F789B /* Project object */;
}
