// !$*UTF8*$!
{
	archiveVersion = 1;
	classes = {
	};
	objectVersion = 46;
	objects = {

/* Begin PBXBuildFile section */
		72F9F5BC1C14D43D00AE33F4 /* AppDelegate.swift in Sources */ = {isa = PBXBuildFile; fileRef = 72F9F5BB1C14D43D00AE33F4 /* AppDelegate.swift */; };
		72F9F5BE1C14D43D00AE33F4 /* ViewController.swift in Sources */ = {isa = PBXBuildFile; fileRef = 72F9F5BD1C14D43D00AE33F4 /* ViewController.swift */; };
		72F9F5C11C14D43D00AE33F4 /* Main.storyboard in Resources */ = {isa = PBXBuildFile; fileRef = 72F9F5BF1C14D43D00AE33F4 /* Main.storyboard */; };
		72F9F5C31C14D43D00AE33F4 /* Assets.xcassets in Resources */ = {isa = PBXBuildFile; fileRef = 72F9F5C21C14D43D00AE33F4 /* Assets.xcassets */; };
		72F9F5C61C14D43D00AE33F4 /* LaunchScreen.storyboard in Resources */ = {isa = PBXBuildFile; fileRef = 72F9F5C41C14D43D00AE33F4 /* LaunchScreen.storyboard */; };
		72F9F5D11C14D43E00AE33F4 /* ZombieTests.swift in Sources */ = {isa = PBXBuildFile; fileRef = 72F9F5D01C14D43E00AE33F4 /* ZombieTests.swift */; };
/* End PBXBuildFile section */

/* Begin PBXContainerItemProxy section */
		72F9F5CD1C14D43E00AE33F4 /* PBXContainerItemProxy */ = {
			isa = PBXContainerItemProxy;
			containerPortal = 72F9F5B01C14D43D00AE33F4 /* Project object */;
			proxyType = 1;
			remoteGlobalIDString = 72F9F5B71C14D43D00AE33F4;
			remoteInfo = Zombie;
		};
/* End PBXContainerItemProxy section */

/* Begin PBXFileReference section */
		72F9F5B81C14D43D00AE33F4 /* Zombie.app */ = {isa = PBXFileReference; explicitFileType = wrapper.application; includeInIndex = 0; path = Zombie.app; sourceTree = BUILT_PRODUCTS_DIR; };
		72F9F5BB1C14D43D00AE33F4 /* AppDelegate.swift */ = {isa = PBXFileReference; lastKnownFileType = sourcecode.swift; path = AppDelegate.swift; sourceTree = "<group>"; };
		72F9F5BD1C14D43D00AE33F4 /* ViewController.swift */ = {isa = PBXFileReference; lastKnownFileType = sourcecode.swift; path = ViewController.swift; sourceTree = "<group>"; };
		72F9F5C01C14D43D00AE33F4 /* Base */ = {isa = PBXFileReference; lastKnownFileType = file.storyboard; name = Base; path = Base.lproj/Main.storyboard; sourceTree = "<group>"; };
		72F9F5C21C14D43D00AE33F4 /* Assets.xcassets */ = {isa = PBXFileReference; lastKnownFileType = folder.assetcatalog; path = Assets.xcassets; sourceTree = "<group>"; };
		72F9F5C51C14D43D00AE33F4 /* Base */ = {isa = PBXFileReference; lastKnownFileType = file.storyboard; name = Base; path = Base.lproj/LaunchScreen.storyboard; sourceTree = "<group>"; };
		72F9F5C71C14D43D00AE33F4 /* Info.plist */ = {isa = PBXFileReference; lastKnownFileType = text.plist.xml; path = Info.plist; sourceTree = "<group>"; };
		72F9F5CC1C14D43E00AE33F4 /* ZombieTests.xctest */ = {isa = PBXFileReference; explicitFileType = wrapper.cfbundle; includeInIndex = 0; path = ZombieTests.xctest; sourceTree = BUILT_PRODUCTS_DIR; };
		72F9F5D01C14D43E00AE33F4 /* ZombieTests.swift */ = {isa = PBXFileReference; lastKnownFileType = sourcecode.swift; path = ZombieTests.swift; sourceTree = "<group>"; };
		72F9F5D21C14D43E00AE33F4 /* Info.plist */ = {isa = PBXFileReference; lastKnownFileType = text.plist.xml; path = Info.plist; sourceTree = "<group>"; };
/* End PBXFileReference section */

/* Begin PBXFrameworksBuildPhase section */
		72F9F5B51C14D43D00AE33F4 /* Frameworks */ = {
			isa = PBXFrameworksBuildPhase;
			buildActionMask = 2147483647;
			files = (
			);
			runOnlyForDeploymentPostprocessing = 0;
		};
		72F9F5C91C14D43E00AE33F4 /* Frameworks */ = {
			isa = PBXFrameworksBuildPhase;
			buildActionMask = 2147483647;
			files = (
			);
			runOnlyForDeploymentPostprocessing = 0;
		};
/* End PBXFrameworksBuildPhase section */

/* Begin PBXGroup section */
		72F9F5AF1C14D43D00AE33F4 = {
			isa = PBXGroup;
			children = (
				72F9F5BA1C14D43D00AE33F4 /* Zombie */,
				72F9F5CF1C14D43E00AE33F4 /* ZombieTests */,
				72F9F5B91C14D43D00AE33F4 /* Products */,
			);
			sourceTree = "<group>";
		};
		72F9F5B91C14D43D00AE33F4 /* Products */ = {
			isa = PBXGroup;
			children = (
				72F9F5B81C14D43D00AE33F4 /* Zombie.app */,
				72F9F5CC1C14D43E00AE33F4 /* ZombieTests.xctest */,
			);
			name = Products;
			sourceTree = "<group>";
		};
		72F9F5BA1C14D43D00AE33F4 /* Zombie */ = {
			isa = PBXGroup;
			children = (
				72F9F5BB1C14D43D00AE33F4 /* AppDelegate.swift */,
				72F9F5BD1C14D43D00AE33F4 /* ViewController.swift */,
				72F9F5BF1C14D43D00AE33F4 /* Main.storyboard */,
				72F9F5C21C14D43D00AE33F4 /* Assets.xcassets */,
				72F9F5C41C14D43D00AE33F4 /* LaunchScreen.storyboard */,
				72F9F5C71C14D43D00AE33F4 /* Info.plist */,
			);
			path = Zombie;
			sourceTree = "<group>";
		};
		72F9F5CF1C14D43E00AE33F4 /* ZombieTests */ = {
			isa = PBXGroup;
			children = (
				72F9F5D01C14D43E00AE33F4 /* ZombieTests.swift */,
				72F9F5D21C14D43E00AE33F4 /* Info.plist */,
			);
			path = ZombieTests;
			sourceTree = "<group>";
		};
/* End PBXGroup section */

/* Begin PBXNativeTarget section */
		72F9F5B71C14D43D00AE33F4 /* Zombie */ = {
			isa = PBXNativeTarget;
			buildConfigurationList = 72F9F5D51C14D43E00AE33F4 /* Build configuration list for PBXNativeTarget "Zombie" */;
			buildPhases = (
				72F9F5B41C14D43D00AE33F4 /* Sources */,
				72F9F5B51C14D43D00AE33F4 /* Frameworks */,
				72F9F5B61C14D43D00AE33F4 /* Resources */,
			);
			buildRules = (
			);
			dependencies = (
			);
			name = Zombie;
			productName = Zombie;
			productReference = 72F9F5B81C14D43D00AE33F4 /* Zombie.app */;
			productType = "com.apple.product-type.application";
		};
		72F9F5CB1C14D43E00AE33F4 /* ZombieTests */ = {
			isa = PBXNativeTarget;
			buildConfigurationList = 72F9F5D81C14D43E00AE33F4 /* Build configuration list for PBXNativeTarget "ZombieTests" */;
			buildPhases = (
				72F9F5C81C14D43E00AE33F4 /* Sources */,
				72F9F5C91C14D43E00AE33F4 /* Frameworks */,
				72F9F5CA1C14D43E00AE33F4 /* Resources */,
			);
			buildRules = (
			);
			dependencies = (
				72F9F5CE1C14D43E00AE33F4 /* PBXTargetDependency */,
			);
			name = ZombieTests;
			productName = ZombieTests;
			productReference = 72F9F5CC1C14D43E00AE33F4 /* ZombieTests.xctest */;
			productType = "com.apple.product-type.bundle.unit-test";
		};
/* End PBXNativeTarget section */

/* Begin PBXProject section */
		72F9F5B01C14D43D00AE33F4 /* Project object */ = {
			isa = PBXProject;
			attributes = {
				LastSwiftUpdateCheck = 0710;
				LastUpgradeCheck = 0710;
				ORGANIZATIONNAME = "Dan Beaulieu";
				TargetAttributes = {
					72F9F5B71C14D43D00AE33F4 = {
						CreatedOnToolsVersion = 7.1;
					};
					72F9F5CB1C14D43E00AE33F4 = {
						CreatedOnToolsVersion = 7.1;
						TestTargetID = 72F9F5B71C14D43D00AE33F4;
					};
				};
			};
			buildConfigurationList = 72F9F5B31C14D43D00AE33F4 /* Build configuration list for PBXProject "Zombie" */;
			compatibilityVersion = "Xcode 3.2";
			developmentRegion = English;
			hasScannedForEncodings = 0;
			knownRegions = (
				en,
				Base,
			);
			mainGroup = 72F9F5AF1C14D43D00AE33F4;
			productRefGroup = 72F9F5B91C14D43D00AE33F4 /* Products */;
			projectDirPath = "";
			projectRoot = "";
			targets = (
				72F9F5B71C14D43D00AE33F4 /* Zombie */,
				72F9F5CB1C14D43E00AE33F4 /* ZombieTests */,
			);
		};
/* End PBXProject section */

/* Begin PBXResourcesBuildPhase section */
		72F9F5B61C14D43D00AE33F4 /* Resources */ = {
			isa = PBXResourcesBuildPhase;
			buildActionMask = 2147483647;
			files = (
				72F9F5C61C14D43D00AE33F4 /* LaunchScreen.storyboard in Resources */,
				72F9F5C31C14D43D00AE33F4 /* Assets.xcassets in Resources */,
				72F9F5C11C14D43D00AE33F4 /* Main.storyboard in Resources */,
			);
			runOnlyForDeploymentPostprocessing = 0;
		};
		72F9F5CA1C14D43E00AE33F4 /* Resources */ = {
			isa = PBXResourcesBuildPhase;
			buildActionMask = 2147483647;
			files = (
			);
			runOnlyForDeploymentPostprocessing = 0;
		};
/* End PBXResourcesBuildPhase section */

/* Begin PBXSourcesBuildPhase section */
		72F9F5B41C14D43D00AE33F4 /* Sources */ = {
			isa = PBXSourcesBuildPhase;
			buildActionMask = 2147483647;
			files = (
				72F9F5BE1C14D43D00AE33F4 /* ViewController.swift in Sources */,
				72F9F5BC1C14D43D00AE33F4 /* AppDelegate.swift in Sources */,
			);
			runOnlyForDeploymentPostprocessing = 0;
		};
		72F9F5C81C14D43E00AE33F4 /* Sources */ = {
			isa = PBXSourcesBuildPhase;
			buildActionMask = 2147483647;
			files = (
				72F9F5D11C14D43E00AE33F4 /* ZombieTests.swift in Sources */,
			);
			runOnlyForDeploymentPostprocessing = 0;
		};
/* End PBXSourcesBuildPhase section */

/* Begin PBXTargetDependency section */
		72F9F5CE1C14D43E00AE33F4 /* PBXTargetDependency */ = {
			isa = PBXTargetDependency;
			target = 72F9F5B71C14D43D00AE33F4 /* Zombie */;
			targetProxy = 72F9F5CD1C14D43E00AE33F4 /* PBXContainerItemProxy */;
		};
/* End PBXTargetDependency section */

/* Begin PBXVariantGroup section */
		72F9F5BF1C14D43D00AE33F4 /* Main.storyboard */ = {
			isa = PBXVariantGroup;
			children = (
				72F9F5C01C14D43D00AE33F4 /* Base */,
			);
			name = Main.storyboard;
			sourceTree = "<group>";
		};
		72F9F5C41C14D43D00AE33F4 /* LaunchScreen.storyboard */ = {
			isa = PBXVariantGroup;
			children = (
				72F9F5C51C14D43D00AE33F4 /* Base */,
			);
			name = LaunchScreen.storyboard;
			sourceTree = "<group>";
		};
/* End PBXVariantGroup section */

/* Begin XCBuildConfiguration section */
		72F9F5D31C14D43E00AE33F4 /* Debug */ = {
			isa = XCBuildConfiguration;
			buildSettings = {
				ALWAYS_SEARCH_USER_PATHS = NO;
				CLANG_CXX_LANGUAGE_STANDARD = "gnu++0x";
				CLANG_CXX_LIBRARY = "libc++";
				CLANG_ENABLE_MODULES = YES;
				CLANG_ENABLE_OBJC_ARC = YES;
				CLANG_WARN_BOOL_CONVERSION = YES;
				CLANG_WARN_CONSTANT_CONVERSION = YES;
				CLANG_WARN_DIRECT_OBJC_ISA_USAGE = YES_ERROR;
				CLANG_WARN_EMPTY_BODY = YES;
				CLANG_WARN_ENUM_CONVERSION = YES;
				CLANG_WARN_INT_CONVERSION = YES;
				CLANG_WARN_OBJC_ROOT_CLASS = YES_ERROR;
				CLANG_WARN_UNREACHABLE_CODE = YES;
				CLANG_WARN__DUPLICATE_METHOD_MATCH = YES;
				"CODE_SIGN_IDENTITY[sdk=iphoneos*]" = "iPhone Developer";
				COPY_PHASE_STRIP = NO;
				DEBUG_INFORMATION_FORMAT = dwarf;
				ENABLE_STRICT_OBJC_MSGSEND = YES;
				ENABLE_TESTABILITY = YES;
				GCC_C_LANGUAGE_STANDARD = gnu99;
				GCC_DYNAMIC_NO_PIC = NO;
				GCC_NO_COMMON_BLOCKS = YES;
				GCC_OPTIMIZATION_LEVEL = 0;
				GCC_PREPROCESSOR_DEFINITIONS = (
					"DEBUG=1",
					"$(inherited)",
				);
				GCC_WARN_64_TO_32_BIT_CONVERSION = YES;
				GCC_WARN_ABOUT_RETURN_TYPE = YES_ERROR;
				GCC_WARN_UNDECLARED_SELECTOR = YES;
				GCC_WARN_UNINITIALIZED_AUTOS = YES_AGGRESSIVE;
				GCC_WARN_UNUSED_FUNCTION = YES;
				GCC_WARN_UNUSED_VARIABLE = YES;
				IPHONEOS_DEPLOYMENT_TARGET = 9.1;
				MTL_ENABLE_DEBUG_INFO = YES;
				ONLY_ACTIVE_ARCH = YES;
				SDKROOT = iphoneos;
				SWIFT_OPTIMIZATION_LEVEL = "-Onone";
			};
			name = Debug;
		};
		72F9F5D41C14D43E00AE33F4 /* Release */ = {
			isa = XCBuildConfiguration;
			buildSettings = {
				ALWAYS_SEARCH_USER_PATHS = NO;
				CLANG_CXX_LANGUAGE_STANDARD = "gnu++0x";
				CLANG_CXX_LIBRARY = "libc++";
				CLANG_ENABLE_MODULES = YES;
				CLANG_ENABLE_OBJC_ARC = YES;
				CLANG_WARN_BOOL_CONVERSION = YES;
				CLANG_WARN_CONSTANT_CONVERSION = YES;
				CLANG_WARN_DIRECT_OBJC_ISA_USAGE = YES_ERROR;
				CLANG_WARN_EMPTY_BODY = YES;
				CLANG_WARN_ENUM_CONVERSION = YES;
				CLANG_WARN_INT_CONVERSION = YES;
				CLANG_WARN_OBJC_ROOT_CLASS = YES_ERROR;
				CLANG_WARN_UNREACHABLE_CODE = YES;
				CLANG_WARN__DUPLICATE_METHOD_MATCH = YES;
				"CODE_SIGN_IDENTITY[sdk=iphoneos*]" = "iPhone Developer";
				COPY_PHASE_STRIP = NO;
				DEBUG_INFORMATION_FORMAT = "dwarf-with-dsym";
				ENABLE_NS_ASSERTIONS = NO;
				ENABLE_STRICT_OBJC_MSGSEND = YES;
				GCC_C_LANGUAGE_STANDARD = gnu99;
				GCC_NO_COMMON_BLOCKS = YES;
				GCC_WARN_64_TO_32_BIT_CONVERSION = YES;
				GCC_WARN_ABOUT_RETURN_TYPE = YES_ERROR;
				GCC_WARN_UNDECLARED_SELECTOR = YES;
				GCC_WARN_UNINITIALIZED_AUTOS = YES_AGGRESSIVE;
				GCC_WARN_UNUSED_FUNCTION = YES;
				GCC_WARN_UNUSED_VARIABLE = YES;
				IPHONEOS_DEPLOYMENT_TARGET = 9.1;
				MTL_ENABLE_DEBUG_INFO = NO;
				SDKROOT = iphoneos;
				VALIDATE_PRODUCT = YES;
			};
			name = Release;
		};
		72F9F5D61C14D43E00AE33F4 /* Debug */ = {
			isa = XCBuildConfiguration;
			buildSettings = {
				ASSETCATALOG_COMPILER_APPICON_NAME = AppIcon;
				INFOPLIST_FILE = Zombie/Info.plist;
				LD_RUNPATH_SEARCH_PATHS = "$(inherited) @executable_path/Frameworks";
				PRODUCT_BUNDLE_IDENTIFIER = com.DanBeaulieu.Zombie;
				PRODUCT_NAME = "$(TARGET_NAME)";
			};
			name = Debug;
		};
		72F9F5D71C14D43E00AE33F4 /* Release */ = {
			isa = XCBuildConfiguration;
			buildSettings = {
				ASSETCATALOG_COMPILER_APPICON_NAME = AppIcon;
				INFOPLIST_FILE = Zombie/Info.plist;
				LD_RUNPATH_SEARCH_PATHS = "$(inherited) @executable_path/Frameworks";
				PRODUCT_BUNDLE_IDENTIFIER = com.DanBeaulieu.Zombie;
				PRODUCT_NAME = "$(TARGET_NAME)";
			};
			name = Release;
		};
		72F9F5D91C14D43E00AE33F4 /* Debug */ = {
			isa = XCBuildConfiguration;
			buildSettings = {
				BUNDLE_LOADER = "$(TEST_HOST)";
				INFOPLIST_FILE = ZombieTests/Info.plist;
				LD_RUNPATH_SEARCH_PATHS = "$(inherited) @executable_path/Frameworks @loader_path/Frameworks";
				PRODUCT_BUNDLE_IDENTIFIER = com.DanBeaulieu.ZombieTests;
				PRODUCT_NAME = "$(TARGET_NAME)";
				TEST_HOST = "$(BUILT_PRODUCTS_DIR)/Zombie.app/Zombie";
			};
			name = Debug;
		};
		72F9F5DA1C14D43E00AE33F4 /* Release */ = {
			isa = XCBuildConfiguration;
			buildSettings = {
				BUNDLE_LOADER = "$(TEST_HOST)";
				INFOPLIST_FILE = ZombieTests/Info.plist;
				LD_RUNPATH_SEARCH_PATHS = "$(inherited) @executable_path/Frameworks @loader_path/Frameworks";
				PRODUCT_BUNDLE_IDENTIFIER = com.DanBeaulieu.ZombieTests;
				PRODUCT_NAME = "$(TARGET_NAME)";
				TEST_HOST = "$(BUILT_PRODUCTS_DIR)/Zombie.app/Zombie";
			};
			name = Release;
		};
/* End XCBuildConfiguration section */

/* Begin XCConfigurationList section */
		72F9F5B31C14D43D00AE33F4 /* Build configuration list for PBXProject "Zombie" */ = {
			isa = XCConfigurationList;
			buildConfigurations = (
				72F9F5D31C14D43E00AE33F4 /* Debug */,
				72F9F5D41C14D43E00AE33F4 /* Release */,
			);
			defaultConfigurationIsVisible = 0;
			defaultConfigurationName = Release;
		};
		72F9F5D51C14D43E00AE33F4 /* Build configuration list for PBXNativeTarget "Zombie" */ = {
			isa = XCConfigurationList;
			buildConfigurations = (
				72F9F5D61C14D43E00AE33F4 /* Debug */,
				72F9F5D71C14D43E00AE33F4 /* Release */,
			);
			defaultConfigurationIsVisible = 0;
		};
		72F9F5D81C14D43E00AE33F4 /* Build configuration list for PBXNativeTarget "ZombieTests" */ = {
			isa = XCConfigurationList;
			buildConfigurations = (
				72F9F5D91C14D43E00AE33F4 /* Debug */,
				72F9F5DA1C14D43E00AE33F4 /* Release */,
			);
			defaultConfigurationIsVisible = 0;
		};
/* End XCConfigurationList section */
	};
	rootObject = 72F9F5B01C14D43D00AE33F4 /* Project object */;
}
