// !$*UTF8*$!
{
	archiveVersion = 1;
	classes = {
	};
	objectVersion = 46;
	objects = {

/* Begin PBXBuildFile section */
		72CE2A6C1C1BD73E001F789B /* main.swift in Sources */ = {isa = PBXBuildFile; fileRef = 72CE2A6B1C1BD73E001F789B /* main.swift */; };
		72CE2A791C1BD899001F789B /* Fibonacci.m in Sources */ = {isa = PBXBuildFile; fileRef = 72CE2A781C1BD899001F789B /* Fibonacci.m */; };
		72CE2A7B1C1BDD6F001F789B /* RandomFibs.swift in Sources */ = {isa = PBXBuildFile; fileRef = 72CE2A7A1C1BDD6F001F789B /* RandomFibs.swift */; };
/* End PBXBuildFile section */

/* Begin PBXCopyFilesBuildPhase section */
		72CE2A661C1BD73D001F789B /* CopyFiles */ = {
			isa = PBXCopyFilesBuildPhase;
			buildActionMask = 2147483647;
			dstPath = /usr/share/man/man1/;
			dstSubfolderSpec = 0;
			files = (
			);
			runOnlyForDeploymentPostprocessing = 1;
		};
/* End PBXCopyFilesBuildPhase section */

/* Begin PBXFileReference section */
		72CE2A681C1BD73E001F789B /* ObjectiveCInSwift */ = {isa = PBXFileReference; explicitFileType = "compiled.mach-o.executable"; includeInIndex = 0; path = ObjectiveCInSwift; sourceTree = BUILT_PRODUCTS_DIR; };
		72CE2A6B1C1BD73E001F789B /* main.swift */ = {isa = PBXFileReference; lastKnownFileType = sourcecode.swift; path = main.swift; sourceTree = "<group>"; };
		72CE2A731C1BD831001F789B /* ObjectiveCInSwift-Bridging-Header.h */ = {isa = PBXFileReference; lastKnownFileType = sourcecode.c.h; path = "ObjectiveCInSwift-Bridging-Header.h"; sourceTree = "<group>"; };
		72CE2A781C1BD899001F789B /* Fibonacci.m */ = {isa = PBXFileReference; fileEncoding = 4; lastKnownFileType = sourcecode.c.objc; path = Fibonacci.m; sourceTree = "<group>"; };
		72CE2A7A1C1BDD6F001F789B /* RandomFibs.swift */ = {isa = PBXFileReference; fileEncoding = 4; lastKnownFileType = sourcecode.swift; path = RandomFibs.swift; sourceTree = "<group>"; };
/* End PBXFileReference section */

/* Begin PBXFrameworksBuildPhase section */
		72CE2A651C1BD73D001F789B /* Frameworks */ = {
			isa = PBXFrameworksBuildPhase;
			buildActionMask = 2147483647;
			files = (
			);
			runOnlyForDeploymentPostprocessing = 0;
		};
/* End PBXFrameworksBuildPhase section */

/* Begin PBXGroup section */
		72CE2A5F1C1BD73D001F789B = {
			isa = PBXGroup;
			children = (
				72CE2A6A1C1BD73E001F789B /* ObjectiveCInSwift */,
				72CE2A691C1BD73E001F789B /* Products */,
			);
			sourceTree = "<group>";
		};
		72CE2A691C1BD73E001F789B /* Products */ = {
			isa = PBXGroup;
			children = (
				72CE2A681C1BD73E001F789B /* ObjectiveCInSwift */,
			);
			name = Products;
			sourceTree = "<group>";
		};
		72CE2A6A1C1BD73E001F789B /* ObjectiveCInSwift */ = {
			isa = PBXGroup;
			children = (
				72CE2A6B1C1BD73E001F789B /* main.swift */,
				72CE2A731C1BD831001F789B /* ObjectiveCInSwift-Bridging-Header.h */,
				72CE2A781C1BD899001F789B /* Fibonacci.m */,
				72CE2A7A1C1BDD6F001F789B /* RandomFibs.swift */,
			);
			path = ObjectiveCInSwift;
			sourceTree = "<group>";
		};
/* End PBXGroup section */

/* Begin PBXNativeTarget section */
		72CE2A671C1BD73D001F789B /* ObjectiveCInSwift */ = {
			isa = PBXNativeTarget;
			buildConfigurationList = 72CE2A6F1C1BD73E001F789B /* Build configuration list for PBXNativeTarget "ObjectiveCInSwift" */;
			buildPhases = (
				72CE2A641C1BD73D001F789B /* Sources */,
				72CE2A651C1BD73D001F789B /* Frameworks */,
				72CE2A661C1BD73D001F789B /* CopyFiles */,
			);
			buildRules = (
			);
			dependencies = (
			);
			name = ObjectiveCInSwift;
			productName = ObjectiveCInSwift;
			productReference = 72CE2A681C1BD73E001F789B /* ObjectiveCInSwift */;
			productType = "com.apple.product-type.tool";
		};
/* End PBXNativeTarget section */

/* Begin PBXProject section */
		72CE2A601C1BD73D001F789B /* Project object */ = {
			isa = PBXProject;
			attributes = {
				LastSwiftUpdateCheck = 0720;
				LastUpgradeCheck = 0720;
				ORGANIZATIONNAME = "Dan Beaulieu";
				TargetAttributes = {
					72CE2A671C1BD73D001F789B = {
						CreatedOnToolsVersion = 7.2;
					};
				};
			};
			buildConfigurationList = 72CE2A631C1BD73D001F789B /* Build configuration list for PBXProject "ObjectiveCInSwift" */;
			compatibilityVersion = "Xcode 3.2";
			developmentRegion = English;
			hasScannedForEncodings = 0;
			knownRegions = (
				en,
			);
			mainGroup = 72CE2A5F1C1BD73D001F789B;
			productRefGroup = 72CE2A691C1BD73E001F789B /* Products */;
			projectDirPath = "";
			projectRoot = "";
			targets = (
				72CE2A671C1BD73D001F789B /* ObjectiveCInSwift */,
			);
		};
/* End PBXProject section */

/* Begin PBXSourcesBuildPhase section */
		72CE2A641C1BD73D001F789B /* Sources */ = {
			isa = PBXSourcesBuildPhase;
			buildActionMask = 2147483647;
			files = (
				72CE2A791C1BD899001F789B /* Fibonacci.m in Sources */,
				72CE2A7B1C1BDD6F001F789B /* RandomFibs.swift in Sources */,
				72CE2A6C1C1BD73E001F789B /* main.swift in Sources */,
			);
			runOnlyForDeploymentPostprocessing = 0;
		};
/* End PBXSourcesBuildPhase section */

/* Begin XCBuildConfiguration section */
		72CE2A6D1C1BD73E001F789B /* Debug */ = {
			isa = XCBuildConfiguration;
			buildSettings = {
				ALWAYS_SEARCH_USER_PATHS = NO;
				CLANG_CXX_LANGUAGE_STANDARD = "gnu++0x";
				CLANG_CXX_LIBRARY = "libc++";
				CLANG_ENABLE_MODULES = YES;
				CLANG_ENABLE_OBJC_ARC = YES;
				CLANG_WARN_BOOL_CONVERSION = YES;
				CLANG_WARN_CONSTANT_CONVERSION = YES;
				CLANG_WARN_DIRECT_OBJC_ISA_USAGE = YES_ERROR;
				CLANG_WARN_EMPTY_BODY = YES;
				CLANG_WARN_ENUM_CONVERSION = YES;
				CLANG_WARN_INT_CONVERSION = YES;
				CLANG_WARN_OBJC_ROOT_CLASS = YES_ERROR;
				CLANG_WARN_UNREACHABLE_CODE = YES;
				CLANG_WARN__DUPLICATE_METHOD_MATCH = YES;
				CODE_SIGN_IDENTITY = "-";
				COPY_PHASE_STRIP = NO;
				DEBUG_INFORMATION_FORMAT = dwarf;
				ENABLE_STRICT_OBJC_MSGSEND = YES;
				ENABLE_TESTABILITY = YES;
				GCC_C_LANGUAGE_STANDARD = gnu99;
				GCC_DYNAMIC_NO_PIC = NO;
				GCC_NO_COMMON_BLOCKS = YES;
				GCC_OPTIMIZATION_LEVEL = 0;
				GCC_PREPROCESSOR_DEFINITIONS = (
					"DEBUG=1",
					"$(inherited)",
				);
				GCC_WARN_64_TO_32_BIT_CONVERSION = YES;
				GCC_WARN_ABOUT_RETURN_TYPE = YES_ERROR;
				GCC_WARN_UNDECLARED_SELECTOR = YES;
				GCC_WARN_UNINITIALIZED_AUTOS = YES_AGGRESSIVE;
				GCC_WARN_UNUSED_FUNCTION = YES;
				GCC_WARN_UNUSED_VARIABLE = YES;
				MACOSX_DEPLOYMENT_TARGET = 10.11;
				MTL_ENABLE_DEBUG_INFO = YES;
				ONLY_ACTIVE_ARCH = YES;
				SDKROOT = macosx;
				SWIFT_OPTIMIZATION_LEVEL = "-Onone";
			};
			name = Debug;
		};
		72CE2A6E1C1BD73E001F789B /* Release */ = {
			isa = XCBuildConfiguration;
			buildSettings = {
				ALWAYS_SEARCH_USER_PATHS = NO;
				CLANG_CXX_LANGUAGE_STANDARD = "gnu++0x";
				CLANG_CXX_LIBRARY = "libc++";
				CLANG_ENABLE_MODULES = YES;
				CLANG_ENABLE_OBJC_ARC = YES;
				CLANG_WARN_BOOL_CONVERSION = YES;
				CLANG_WARN_CONSTANT_CONVERSION = YES;
				CLANG_WARN_DIRECT_OBJC_ISA_USAGE = YES_ERROR;
				CLANG_WARN_EMPTY_BODY = YES;
				CLANG_WARN_ENUM_CONVERSION = YES;
				CLANG_WARN_INT_CONVERSION = YES;
				CLANG_WARN_OBJC_ROOT_CLASS = YES_ERROR;
				CLANG_WARN_UNREACHABLE_CODE = YES;
				CLANG_WARN__DUPLICATE_METHOD_MATCH = YES;
				CODE_SIGN_IDENTITY = "-";
				COPY_PHASE_STRIP = NO;
				DEBUG_INFORMATION_FORMAT = "dwarf-with-dsym";
				ENABLE_NS_ASSERTIONS = NO;
				ENABLE_STRICT_OBJC_MSGSEND = YES;
				GCC_C_LANGUAGE_STANDARD = gnu99;
				GCC_NO_COMMON_BLOCKS = YES;
				GCC_WARN_64_TO_32_BIT_CONVERSION = YES;
				GCC_WARN_ABOUT_RETURN_TYPE = YES_ERROR;
				GCC_WARN_UNDECLARED_SELECTOR = YES;
				GCC_WARN_UNINITIALIZED_AUTOS = YES_AGGRESSIVE;
				GCC_WARN_UNUSED_FUNCTION = YES;
				GCC_WARN_UNUSED_VARIABLE = YES;
				MACOSX_DEPLOYMENT_TARGET = 10.11;
				MTL_ENABLE_DEBUG_INFO = NO;
				SDKROOT = macosx;
			};
			name = Release;
		};
		72CE2A701C1BD73E001F789B /* Debug */ = {
			isa = XCBuildConfiguration;
			buildSettings = {
				CLANG_ENABLE_MODULES = YES;
				LD_RUNPATH_SEARCH_PATHS = "$(inherited) @executable_path/../Frameworks @loader_path/../Frameworks";
				PRODUCT_NAME = "$(TARGET_NAME)";
				SWIFT_OBJC_BRIDGING_HEADER = "ObjectiveCInSwift/ObjectiveCInSwift-Bridging-Header.h";
				SWIFT_OPTIMIZATION_LEVEL = "-Onone";
			};
			name = Debug;
		};
		72CE2A711C1BD73E001F789B /* Release */ = {
			isa = XCBuildConfiguration;
			buildSettings = {
				CLANG_ENABLE_MODULES = YES;
				LD_RUNPATH_SEARCH_PATHS = "$(inherited) @executable_path/../Frameworks @loader_path/../Frameworks";
				PRODUCT_NAME = "$(TARGET_NAME)";
				SWIFT_OBJC_BRIDGING_HEADER = "ObjectiveCInSwift/ObjectiveCInSwift-Bridging-Header.h";
			};
			name = Release;
		};
/* End XCBuildConfiguration section */

/* Begin XCConfigurationList section */
		72CE2A631C1BD73D001F789B /* Build configuration list for PBXProject "ObjectiveCInSwift" */ = {
			isa = XCConfigurationList;
			buildConfigurations = (
				72CE2A6D1C1BD73E001F789B /* Debug */,
				72CE2A6E1C1BD73E001F789B /* Release */,
			);
			defaultConfigurationIsVisible = 0;
			defaultConfigurationName = Release;
		};
		72CE2A6F1C1BD73E001F789B /* Build configuration list for PBXNativeTarget "ObjectiveCInSwift" */ = {
			isa = XCConfigurationList;
			buildConfigurations = (
				72CE2A701C1BD73E001F789B /* Debug */,
				72CE2A711C1BD73E001F789B /* Release */,
			);
			defaultConfigurationIsVisible = 0;
		};
/* End XCConfigurationList section */
	};
	rootObject = 72CE2A601C1BD73D001F789B /* Project object */;
}
