// !$*UTF8*$!
{
	archiveVersion = 1;
	classes = {
	};
	objectVersion = 46;
	objects = {

/* Begin PBXBuildFile section */
		727FFECF1C30452B006F5618 /* AppDelegate.swift in Sources */ = {isa = PBXBuildFile; fileRef = 727FFECE1C30452B006F5618 /* AppDelegate.swift */; };
		727FFED11C30452B006F5618 /* ViewController.swift in Sources */ = {isa = PBXBuildFile; fileRef = 727FFED01C30452B006F5618 /* ViewController.swift */; };
		727FFED41C30452B006F5618 /* Main.storyboard in Resources */ = {isa = PBXBuildFile; fileRef = 727FFED21C30452B006F5618 /* Main.storyboard */; };
		727FFED61C30452B006F5618 /* Assets.xcassets in Resources */ = {isa = PBXBuildFile; fileRef = 727FFED51C30452B006F5618 /* Assets.xcassets */; };
		727FFED91C30452B006F5618 /* LaunchScreen.storyboard in Resources */ = {isa = PBXBuildFile; fileRef = 727FFED71C30452B006F5618 /* LaunchScreen.storyboard */; };
/* End PBXBuildFile section */

/* Begin PBXFileReference section */
		727FFECB1C30452B006F5618 /* breakpoints.app */ = {isa = PBXFileReference; explicitFileType = wrapper.application; includeInIndex = 0; path = breakpoints.app; sourceTree = BUILT_PRODUCTS_DIR; };
		727FFECE1C30452B006F5618 /* AppDelegate.swift */ = {isa = PBXFileReference; lastKnownFileType = sourcecode.swift; path = AppDelegate.swift; sourceTree = "<group>"; };
		727FFED01C30452B006F5618 /* ViewController.swift */ = {isa = PBXFileReference; lastKnownFileType = sourcecode.swift; path = ViewController.swift; sourceTree = "<group>"; };
		727FFED31C30452B006F5618 /* Base */ = {isa = PBXFileReference; lastKnownFileType = file.storyboard; name = Base; path = Base.lproj/Main.storyboard; sourceTree = "<group>"; };
		727FFED51C30452B006F5618 /* Assets.xcassets */ = {isa = PBXFileReference; lastKnownFileType = folder.assetcatalog; path = Assets.xcassets; sourceTree = "<group>"; };
		727FFED81C30452B006F5618 /* Base */ = {isa = PBXFileReference; lastKnownFileType = file.storyboard; name = Base; path = Base.lproj/LaunchScreen.storyboard; sourceTree = "<group>"; };
		727FFEDA1C30452B006F5618 /* Info.plist */ = {isa = PBXFileReference; lastKnownFileType = text.plist.xml; path = Info.plist; sourceTree = "<group>"; };
/* End PBXFileReference section */

/* Begin PBXFrameworksBuildPhase section */
		727FFEC81C30452B006F5618 /* Frameworks */ = {
			isa = PBXFrameworksBuildPhase;
			buildActionMask = 2147483647;
			files = (
			);
			runOnlyForDeploymentPostprocessing = 0;
		};
/* End PBXFrameworksBuildPhase section */

/* Begin PBXGroup section */
		727FFEC21C30452B006F5618 = {
			isa = PBXGroup;
			children = (
				727FFECD1C30452B006F5618 /* breakpoints */,
				727FFECC1C30452B006F5618 /* Products */,
			);
			sourceTree = "<group>";
		};
		727FFECC1C30452B006F5618 /* Products */ = {
			isa = PBXGroup;
			children = (
				727FFECB1C30452B006F5618 /* breakpoints.app */,
			);
			name = Products;
			sourceTree = "<group>";
		};
		727FFECD1C30452B006F5618 /* breakpoints */ = {
			isa = PBXGroup;
			children = (
				727FFECE1C30452B006F5618 /* AppDelegate.swift */,
				727FFED01C30452B006F5618 /* ViewController.swift */,
				727FFED21C30452B006F5618 /* Main.storyboard */,
				727FFED51C30452B006F5618 /* Assets.xcassets */,
				727FFED71C30452B006F5618 /* LaunchScreen.storyboard */,
				727FFEDA1C30452B006F5618 /* Info.plist */,
			);
			path = breakpoints;
			sourceTree = "<group>";
		};
/* End PBXGroup section */

/* Begin PBXNativeTarget section */
		727FFECA1C30452B006F5618 /* breakpoints */ = {
			isa = PBXNativeTarget;
			buildConfigurationList = 727FFEDD1C30452B006F5618 /* Build configuration list for PBXNativeTarget "breakpoints" */;
			buildPhases = (
				727FFEC71C30452B006F5618 /* Sources */,
				727FFEC81C30452B006F5618 /* Frameworks */,
				727FFEC91C30452B006F5618 /* Resources */,
			);
			buildRules = (
			);
			dependencies = (
			);
			name = breakpoints;
			productName = breakpoints;
			productReference = 727FFECB1C30452B006F5618 /* breakpoints.app */;
			productType = "com.apple.product-type.application";
		};
/* End PBXNativeTarget section */

/* Begin PBXProject section */
		727FFEC31C30452B006F5618 /* Project object */ = {
			isa = PBXProject;
			attributes = {
				LastSwiftUpdateCheck = 0720;
				LastUpgradeCheck = 0720;
				ORGANIZATIONNAME = "Dan Beaulieu";
				TargetAttributes = {
					727FFECA1C30452B006F5618 = {
						CreatedOnToolsVersion = 7.2;
					};
				};
			};
			buildConfigurationList = 727FFEC61C30452B006F5618 /* Build configuration list for PBXProject "breakpoints" */;
			compatibilityVersion = "Xcode 3.2";
			developmentRegion = English;
			hasScannedForEncodings = 0;
			knownRegions = (
				en,
				Base,
			);
			mainGroup = 727FFEC21C30452B006F5618;
			productRefGroup = 727FFECC1C30452B006F5618 /* Products */;
			projectDirPath = "";
			projectRoot = "";
			targets = (
				727FFECA1C30452B006F5618 /* breakpoints */,
			);
		};
/* End PBXProject section */

/* Begin PBXResourcesBuildPhase section */
		727FFEC91C30452B006F5618 /* Resources */ = {
			isa = PBXResourcesBuildPhase;
			buildActionMask = 2147483647;
			files = (
				727FFED91C30452B006F5618 /* LaunchScreen.storyboard in Resources */,
				727FFED61C30452B006F5618 /* Assets.xcassets in Resources */,
				727FFED41C30452B006F5618 /* Main.storyboard in Resources */,
			);
			runOnlyForDeploymentPostprocessing = 0;
		};
/* End PBXResourcesBuildPhase section */

/* Begin PBXSourcesBuildPhase section */
		727FFEC71C30452B006F5618 /* Sources */ = {
			isa = PBXSourcesBuildPhase;
			buildActionMask = 2147483647;
			files = (
				727FFED11C30452B006F5618 /* ViewController.swift in Sources */,
				727FFECF1C30452B006F5618 /* AppDelegate.swift in Sources */,
			);
			runOnlyForDeploymentPostprocessing = 0;
		};
/* End PBXSourcesBuildPhase section */

/* Begin PBXVariantGroup section */
		727FFED21C30452B006F5618 /* Main.storyboard */ = {
			isa = PBXVariantGroup;
			children = (
				727FFED31C30452B006F5618 /* Base */,
			);
			name = Main.storyboard;
			sourceTree = "<group>";
		};
		727FFED71C30452B006F5618 /* LaunchScreen.storyboard */ = {
			isa = PBXVariantGroup;
			children = (
				727FFED81C30452B006F5618 /* Base */,
			);
			name = LaunchScreen.storyboard;
			sourceTree = "<group>";
		};
/* End PBXVariantGroup section */

/* Begin XCBuildConfiguration section */
		727FFEDB1C30452B006F5618 /* Debug */ = {
			isa = XCBuildConfiguration;
			buildSettings = {
				ALWAYS_SEARCH_USER_PATHS = NO;
				CLANG_CXX_LANGUAGE_STANDARD = "gnu++0x";
				CLANG_CXX_LIBRARY = "libc++";
				CLANG_ENABLE_MODULES = YES;
				CLANG_ENABLE_OBJC_ARC = YES;
				CLANG_WARN_BOOL_CONVERSION = YES;
				CLANG_WARN_CONSTANT_CONVERSION = YES;
				CLANG_WARN_DIRECT_OBJC_ISA_USAGE = YES_ERROR;
				CLANG_WARN_EMPTY_BODY = YES;
				CLANG_WARN_ENUM_CONVERSION = YES;
				CLANG_WARN_INT_CONVERSION = YES;
				CLANG_WARN_OBJC_ROOT_CLASS = YES_ERROR;
				CLANG_WARN_UNREACHABLE_CODE = YES;
				CLANG_WARN__DUPLICATE_METHOD_MATCH = YES;
				"CODE_SIGN_IDENTITY[sdk=iphoneos*]" = "iPhone Developer";
				COPY_PHASE_STRIP = NO;
				DEBUG_INFORMATION_FORMAT = dwarf;
				ENABLE_STRICT_OBJC_MSGSEND = YES;
				ENABLE_TESTABILITY = YES;
				GCC_C_LANGUAGE_STANDARD = gnu99;
				GCC_DYNAMIC_NO_PIC = NO;
				GCC_NO_COMMON_BLOCKS = YES;
				GCC_OPTIMIZATION_LEVEL = 0;
				GCC_PREPROCESSOR_DEFINITIONS = (
					"DEBUG=1",
					"$(inherited)",
				);
				GCC_WARN_64_TO_32_BIT_CONVERSION = YES;
				GCC_WARN_ABOUT_RETURN_TYPE = YES_ERROR;
				GCC_WARN_UNDECLARED_SELECTOR = YES;
				GCC_WARN_UNINITIALIZED_AUTOS = YES_AGGRESSIVE;
				GCC_WARN_UNUSED_FUNCTION = YES;
				GCC_WARN_UNUSED_VARIABLE = YES;
				IPHONEOS_DEPLOYMENT_TARGET = 9.2;
				MTL_ENABLE_DEBUG_INFO = YES;
				ONLY_ACTIVE_ARCH = YES;
				SDKROOT = iphoneos;
				SWIFT_OPTIMIZATION_LEVEL = "-Onone";
			};
			name = Debug;
		};
		727FFEDC1C30452B006F5618 /* Release */ = {
			isa = XCBuildConfiguration;
			buildSettings = {
				ALWAYS_SEARCH_USER_PATHS = NO;
				CLANG_CXX_LANGUAGE_STANDARD = "gnu++0x";
				CLANG_CXX_LIBRARY = "libc++";
				CLANG_ENABLE_MODULES = YES;
				CLANG_ENABLE_OBJC_ARC = YES;
				CLANG_WARN_BOOL_CONVERSION = YES;
				CLANG_WARN_CONSTANT_CONVERSION = YES;
				CLANG_WARN_DIRECT_OBJC_ISA_USAGE = YES_ERROR;
				CLANG_WARN_EMPTY_BODY = YES;
				CLANG_WARN_ENUM_CONVERSION = YES;
				CLANG_WARN_INT_CONVERSION = YES;
				CLANG_WARN_OBJC_ROOT_CLASS = YES_ERROR;
				CLANG_WARN_UNREACHABLE_CODE = YES;
				CLANG_WARN__DUPLICATE_METHOD_MATCH = YES;
				"CODE_SIGN_IDENTITY[sdk=iphoneos*]" = "iPhone Developer";
				COPY_PHASE_STRIP = NO;
				DEBUG_INFORMATION_FORMAT = "dwarf-with-dsym";
				ENABLE_NS_ASSERTIONS = NO;
				ENABLE_STRICT_OBJC_MSGSEND = YES;
				GCC_C_LANGUAGE_STANDARD = gnu99;
				GCC_NO_COMMON_BLOCKS = YES;
				GCC_WARN_64_TO_32_BIT_CONVERSION = YES;
				GCC_WARN_ABOUT_RETURN_TYPE = YES_ERROR;
				GCC_WARN_UNDECLARED_SELECTOR = YES;
				GCC_WARN_UNINITIALIZED_AUTOS = YES_AGGRESSIVE;
				GCC_WARN_UNUSED_FUNCTION = YES;
				GCC_WARN_UNUSED_VARIABLE = YES;
				IPHONEOS_DEPLOYMENT_TARGET = 9.2;
				MTL_ENABLE_DEBUG_INFO = NO;
				SDKROOT = iphoneos;
				VALIDATE_PRODUCT = YES;
			};
			name = Release;
		};
		727FFEDE1C30452B006F5618 /* Debug */ = {
			isa = XCBuildConfiguration;
			buildSettings = {
				ASSETCATALOG_COMPILER_APPICON_NAME = AppIcon;
				INFOPLIST_FILE = breakpoints/Info.plist;
				LD_RUNPATH_SEARCH_PATHS = "$(inherited) @executable_path/Frameworks";
				PRODUCT_BUNDLE_IDENTIFIER = com.DanBeaulieu.breakpoints;
				PRODUCT_NAME = "$(TARGET_NAME)";
			};
			name = Debug;
		};
		727FFEDF1C30452B006F5618 /* Release */ = {
			isa = XCBuildConfiguration;
			buildSettings = {
				ASSETCATALOG_COMPILER_APPICON_NAME = AppIcon;
				INFOPLIST_FILE = breakpoints/Info.plist;
				LD_RUNPATH_SEARCH_PATHS = "$(inherited) @executable_path/Frameworks";
				PRODUCT_BUNDLE_IDENTIFIER = com.DanBeaulieu.breakpoints;
				PRODUCT_NAME = "$(TARGET_NAME)";
			};
			name = Release;
		};
/* End XCBuildConfiguration section */

/* Begin XCConfigurationList section */
		727FFEC61C30452B006F5618 /* Build configuration list for PBXProject "breakpoints" */ = {
			isa = XCConfigurationList;
			buildConfigurations = (
				727FFEDB1C30452B006F5618 /* Debug */,
				727FFEDC1C30452B006F5618 /* Release */,
			);
			defaultConfigurationIsVisible = 0;
			defaultConfigurationName = Release;
		};
		727FFEDD1C30452B006F5618 /* Build configuration list for PBXNativeTarget "breakpoints" */ = {
			isa = XCConfigurationList;
			buildConfigurations = (
				727FFEDE1C30452B006F5618 /* Debug */,
				727FFEDF1C30452B006F5618 /* Release */,
			);
			defaultConfigurationIsVisible = 0;
		};
/* End XCConfigurationList section */
	};
	rootObject = 727FFEC31C30452B006F5618 /* Project object */;
}
